// !$*UTF8*$!
{
	archiveVersion = 1;
	classes = {
	};
	objectVersion = 46;
	objects = {

/* Begin PBXBuildFile section */
		A80A47011EB35C18002A1324 /* SearchStantionTableViewCell.xib in Resources */ = {isa = PBXBuildFile; fileRef = A80A47001EB35C18002A1324 /* SearchStantionTableViewCell.xib */; };
		A80A47031EB35C22002A1324 /* SearchStantionTableViewCell.swift in Sources */ = {isa = PBXBuildFile; fileRef = A80A47021EB35C22002A1324 /* SearchStantionTableViewCell.swift */; };
		A80A47061EB364DB002A1324 /* UITableViewExtension.swift in Sources */ = {isa = PBXBuildFile; fileRef = A80A47051EB364DB002A1324 /* UITableViewExtension.swift */; };
		F51F46461EAFB9760040903E /* RoutePanelView.swift in Sources */ = {isa = PBXBuildFile; fileRef = F51F46451EAFB9760040903E /* RoutePanelView.swift */; };
		F51F46491EAFBBC90040903E /* RoutePanelView.xib in Resources */ = {isa = PBXBuildFile; fileRef = F51F46481EAFBBC90040903E /* RoutePanelView.xib */; };
		F51F464B1EB11F180040903E /* GeolocationManager.swift in Sources */ = {isa = PBXBuildFile; fileRef = F51F464A1EB11F180040903E /* GeolocationManager.swift */; };
		F57F9CC41EB1ABB300133191 /* UIColorExtension.swift in Sources */ = {isa = PBXBuildFile; fileRef = F57F9CC31EB1ABB300133191 /* UIColorExtension.swift */; };
		F57F9CC81EB22ABF00133191 /* kyivMetroStations.plist in Resources */ = {isa = PBXBuildFile; fileRef = F57F9CC71EB22ABF00133191 /* kyivMetroStations.plist */; };
		F57F9CCA1EB22AEA00133191 /* MetroStation.swift in Sources */ = {isa = PBXBuildFile; fileRef = F57F9CC91EB22AEA00133191 /* MetroStation.swift */; };
		F57F9CCC1EB2389400133191 /* UILabelExtension.swift in Sources */ = {isa = PBXBuildFile; fileRef = F57F9CCB1EB2389400133191 /* UILabelExtension.swift */; };
		F57F9CCE1EB245F800133191 /* RoutePoint.swift in Sources */ = {isa = PBXBuildFile; fileRef = F57F9CCD1EB245F800133191 /* RoutePoint.swift */; };
		F5BACBDC1EAEFB450081A84B /* AppDelegate.swift in Sources */ = {isa = PBXBuildFile; fileRef = F5BACBDB1EAEFB450081A84B /* AppDelegate.swift */; };
		F5BACBE31EAEFB450081A84B /* Assets.xcassets in Resources */ = {isa = PBXBuildFile; fileRef = F5BACBE21EAEFB450081A84B /* Assets.xcassets */; };
		F5BACBE61EAEFB450081A84B /* LaunchScreen.storyboard in Resources */ = {isa = PBXBuildFile; fileRef = F5BACBE41EAEFB450081A84B /* LaunchScreen.storyboard */; };
		F5BACBF21EAEFE780081A84B /* RouteViewController.storyboard in Resources */ = {isa = PBXBuildFile; fileRef = F5BACBF11EAEFE780081A84B /* RouteViewController.storyboard */; };
		F5BACBF41EAEFEA00081A84B /* RouteViewController.swift in Sources */ = {isa = PBXBuildFile; fileRef = F5BACBF31EAEFEA00081A84B /* RouteViewController.swift */; };
		F5BACBF61EAEFFA20081A84B /* SearchTableViewController.swift in Sources */ = {isa = PBXBuildFile; fileRef = F5BACBF51EAEFFA20081A84B /* SearchTableViewController.swift */; };
		F5BACBF81EAEFFDA0081A84B /* SearchTableViewController.storyboard in Resources */ = {isa = PBXBuildFile; fileRef = F5BACBF71EAEFFDA0081A84B /* SearchTableViewController.storyboard */; };
		F5BACBFB1EAF007D0081A84B /* SegueHandler.swift in Sources */ = {isa = PBXBuildFile; fileRef = F5BACBFA1EAF007D0081A84B /* SegueHandler.swift */; };
/* End PBXBuildFile section */

/* Begin PBXFileReference section */
		A80A47001EB35C18002A1324 /* SearchStantionTableViewCell.xib */ = {isa = PBXFileReference; fileEncoding = 4; lastKnownFileType = file.xib; path = SearchStantionTableViewCell.xib; sourceTree = "<group>"; };
		A80A47021EB35C22002A1324 /* SearchStantionTableViewCell.swift */ = {isa = PBXFileReference; fileEncoding = 4; lastKnownFileType = sourcecode.swift; path = SearchStantionTableViewCell.swift; sourceTree = "<group>"; };
		A80A47051EB364DB002A1324 /* UITableViewExtension.swift */ = {isa = PBXFileReference; fileEncoding = 4; lastKnownFileType = sourcecode.swift; path = UITableViewExtension.swift; sourceTree = "<group>"; };
		F51F46451EAFB9760040903E /* RoutePanelView.swift */ = {isa = PBXFileReference; fileEncoding = 4; lastKnownFileType = sourcecode.swift; path = RoutePanelView.swift; sourceTree = "<group>"; };
		F51F46481EAFBBC90040903E /* RoutePanelView.xib */ = {isa = PBXFileReference; fileEncoding = 4; lastKnownFileType = file.xib; path = RoutePanelView.xib; sourceTree = "<group>"; };
		F51F464A1EB11F180040903E /* GeolocationManager.swift */ = {isa = PBXFileReference; fileEncoding = 4; lastKnownFileType = sourcecode.swift; path = GeolocationManager.swift; sourceTree = "<group>"; };
		F57F9CC31EB1ABB300133191 /* UIColorExtension.swift */ = {isa = PBXFileReference; fileEncoding = 4; lastKnownFileType = sourcecode.swift; path = UIColorExtension.swift; sourceTree = "<group>"; };
		F57F9CC71EB22ABF00133191 /* kyivMetroStations.plist */ = {isa = PBXFileReference; fileEncoding = 4; lastKnownFileType = text.plist.xml; name = kyivMetroStations.plist; path = "Metro Navigation/kyivMetroStations.plist"; sourceTree = SOURCE_ROOT; };
		F57F9CC91EB22AEA00133191 /* MetroStation.swift */ = {isa = PBXFileReference; fileEncoding = 4; lastKnownFileType = sourcecode.swift; name = MetroStation.swift; path = "Metro Navigation/MetroStation.swift"; sourceTree = SOURCE_ROOT; };
		F57F9CCB1EB2389400133191 /* UILabelExtension.swift */ = {isa = PBXFileReference; fileEncoding = 4; lastKnownFileType = sourcecode.swift; path = UILabelExtension.swift; sourceTree = "<group>"; };
		F57F9CCD1EB245F800133191 /* RoutePoint.swift */ = {isa = PBXFileReference; fileEncoding = 4; lastKnownFileType = sourcecode.swift; name = RoutePoint.swift; path = "Metro Navigation/Tools/RoutePoint.swift"; sourceTree = SOURCE_ROOT; };
		F5BACBD81EAEFB450081A84B /* Metro Navigation.app */ = {isa = PBXFileReference; explicitFileType = wrapper.application; includeInIndex = 0; path = "Metro Navigation.app"; sourceTree = BUILT_PRODUCTS_DIR; };
		F5BACBDB1EAEFB450081A84B /* AppDelegate.swift */ = {isa = PBXFileReference; lastKnownFileType = sourcecode.swift; path = AppDelegate.swift; sourceTree = "<group>"; };
		F5BACBE21EAEFB450081A84B /* Assets.xcassets */ = {isa = PBXFileReference; lastKnownFileType = folder.assetcatalog; path = Assets.xcassets; sourceTree = "<group>"; };
		F5BACBE51EAEFB450081A84B /* Base */ = {isa = PBXFileReference; lastKnownFileType = file.storyboard; name = Base; path = Base.lproj/LaunchScreen.storyboard; sourceTree = "<group>"; };
		F5BACBE71EAEFB450081A84B /* Info.plist */ = {isa = PBXFileReference; lastKnownFileType = text.plist.xml; path = Info.plist; sourceTree = "<group>"; };
		F5BACBF11EAEFE780081A84B /* RouteViewController.storyboard */ = {isa = PBXFileReference; fileEncoding = 4; lastKnownFileType = file.storyboard; path = RouteViewController.storyboard; sourceTree = "<group>"; };
		F5BACBF31EAEFEA00081A84B /* RouteViewController.swift */ = {isa = PBXFileReference; fileEncoding = 4; lastKnownFileType = sourcecode.swift; path = RouteViewController.swift; sourceTree = "<group>"; };
		F5BACBF51EAEFFA20081A84B /* SearchTableViewController.swift */ = {isa = PBXFileReference; fileEncoding = 4; lastKnownFileType = sourcecode.swift; path = SearchTableViewController.swift; sourceTree = "<group>"; };
		F5BACBF71EAEFFDA0081A84B /* SearchTableViewController.storyboard */ = {isa = PBXFileReference; fileEncoding = 4; lastKnownFileType = file.storyboard; path = SearchTableViewController.storyboard; sourceTree = "<group>"; };
		F5BACBFA1EAF007D0081A84B /* SegueHandler.swift */ = {isa = PBXFileReference; fileEncoding = 4; lastKnownFileType = sourcecode.swift; path = SegueHandler.swift; sourceTree = "<group>"; };
/* End PBXFileReference section */

/* Begin PBXFrameworksBuildPhase section */
		F5BACBD51EAEFB450081A84B /* Frameworks */ = {
			isa = PBXFrameworksBuildPhase;
			buildActionMask = 2147483647;
			files = (
			);
			runOnlyForDeploymentPostprocessing = 0;
		};
/* End PBXFrameworksBuildPhase section */

/* Begin PBXGroup section */
		A80A47041EB35C2B002A1324 /* Cells */ = {
			isa = PBXGroup;
			children = (
				A80A47001EB35C18002A1324 /* SearchStantionTableViewCell.xib */,
				A80A47021EB35C22002A1324 /* SearchStantionTableViewCell.swift */,
			);
			name = Cells;
			sourceTree = "<group>";
		};
		F51F46471EAFBB8D0040903E /* RoutePanel */ = {
			isa = PBXGroup;
			children = (
				F51F46451EAFB9760040903E /* RoutePanelView.swift */,
				F51F46481EAFBBC90040903E /* RoutePanelView.xib */,
			);
			name = RoutePanel;
			sourceTree = "<group>";
		};
		F57F9CC21EB1AB9400133191 /* Extensions */ = {
			isa = PBXGroup;
			children = (
				F57F9CC31EB1ABB300133191 /* UIColorExtension.swift */,
				F57F9CCB1EB2389400133191 /* UILabelExtension.swift */,
				A80A47051EB364DB002A1324 /* UITableViewExtension.swift */,
			);
			name = Extensions;
			sourceTree = "<group>";
		};
		F5BACBCF1EAEFB450081A84B = {
			isa = PBXGroup;
			children = (
				F5BACBDA1EAEFB450081A84B /* Metro Navigation */,
				F5BACBD91EAEFB450081A84B /* Products */,
			);
			sourceTree = "<group>";
		};
		F5BACBD91EAEFB450081A84B /* Products */ = {
			isa = PBXGroup;
			children = (
				F5BACBD81EAEFB450081A84B /* Metro Navigation.app */,
			);
			name = Products;
			sourceTree = "<group>";
		};
		F5BACBDA1EAEFB450081A84B /* Metro Navigation */ = {
			isa = PBXGroup;
			children = (
				F5BACBDB1EAEFB450081A84B /* AppDelegate.swift */,
				F51F464A1EB11F180040903E /* GeolocationManager.swift */,
				F5BACBED1EAEFC480081A84B /* Controller */,
				F5BACBEF1EAEFC590081A84B /* View */,
				F5BACBEE1EAEFC540081A84B /* Model */,
				F5BACBF91EAF00520081A84B /* Tools */,
				F5BACBF01EAEFC820081A84B /* Resources */,
			);
			path = "Metro Navigation";
			sourceTree = "<group>";
		};
		F5BACBED1EAEFC480081A84B /* Controller */ = {
			isa = PBXGroup;
			children = (
				F5BACBF31EAEFEA00081A84B /* RouteViewController.swift */,
				F5BACBF51EAEFFA20081A84B /* SearchTableViewController.swift */,
			);
			path = Controller;
			sourceTree = "<group>";
		};
		F5BACBEE1EAEFC540081A84B /* Model */ = {
			isa = PBXGroup;
			children = (
				F57F9CC71EB22ABF00133191 /* kyivMetroStations.plist */,
				F57F9CC91EB22AEA00133191 /* MetroStation.swift */,
				F57F9CCD1EB245F800133191 /* RoutePoint.swift */,
			);
			path = Model;
			sourceTree = "<group>";
		};
		F5BACBEF1EAEFC590081A84B /* View */ = {
			isa = PBXGroup;
			children = (
				F51F46471EAFBB8D0040903E /* RoutePanel */,
				A80A47041EB35C2B002A1324 /* Cells */,
				F5BACBE41EAEFB450081A84B /* LaunchScreen.storyboard */,
				F5BACBF11EAEFE780081A84B /* RouteViewController.storyboard */,
				F5BACBF71EAEFFDA0081A84B /* SearchTableViewController.storyboard */,
			);
			path = View;
			sourceTree = "<group>";
		};
		F5BACBF01EAEFC820081A84B /* Resources */ = {
			isa = PBXGroup;
			children = (
				F5BACBE21EAEFB450081A84B /* Assets.xcassets */,
				F5BACBE71EAEFB450081A84B /* Info.plist */,
			);
			path = Resources;
			sourceTree = "<group>";
		};
		F5BACBF91EAF00520081A84B /* Tools */ = {
			isa = PBXGroup;
			children = (
				F5BACBFA1EAF007D0081A84B /* SegueHandler.swift */,
				F57F9CC21EB1AB9400133191 /* Extensions */,
			);
			path = Tools;
			sourceTree = "<group>";
		};
/* End PBXGroup section */

/* Begin PBXNativeTarget section */
		F5BACBD71EAEFB450081A84B /* Metro Navigation */ = {
			isa = PBXNativeTarget;
			buildConfigurationList = F5BACBEA1EAEFB450081A84B /* Build configuration list for PBXNativeTarget "Metro Navigation" */;
			buildPhases = (
				F5BACBD41EAEFB450081A84B /* Sources */,
				F5BACBD51EAEFB450081A84B /* Frameworks */,
				F5BACBD61EAEFB450081A84B /* Resources */,
			);
			buildRules = (
			);
			dependencies = (
			);
			name = "Metro Navigation";
			productName = "Metro Navigation";
			productReference = F5BACBD81EAEFB450081A84B /* Metro Navigation.app */;
			productType = "com.apple.product-type.application";
		};
/* End PBXNativeTarget section */

/* Begin PBXProject section */
		F5BACBD01EAEFB450081A84B /* Project object */ = {
			isa = PBXProject;
			attributes = {
				LastSwiftUpdateCheck = 0830;
				LastUpgradeCheck = 0830;
				ORGANIZATIONNAME = "Vladislav Khambir";
				TargetAttributes = {
					F5BACBD71EAEFB450081A84B = {
						CreatedOnToolsVersion = 8.3.2;
						DevelopmentTeam = F7K79Y659W;
						ProvisioningStyle = Automatic;
					};
				};
			};
			buildConfigurationList = F5BACBD31EAEFB450081A84B /* Build configuration list for PBXProject "Metro Navigation" */;
			compatibilityVersion = "Xcode 3.2";
			developmentRegion = English;
			hasScannedForEncodings = 0;
			knownRegions = (
				en,
				Base,
			);
			mainGroup = F5BACBCF1EAEFB450081A84B;
			productRefGroup = F5BACBD91EAEFB450081A84B /* Products */;
			projectDirPath = "";
			projectRoot = "";
			targets = (
				F5BACBD71EAEFB450081A84B /* Metro Navigation */,
			);
		};
/* End PBXProject section */

/* Begin PBXResourcesBuildPhase section */
		F5BACBD61EAEFB450081A84B /* Resources */ = {
			isa = PBXResourcesBuildPhase;
			buildActionMask = 2147483647;
			files = (
				F5BACBF81EAEFFDA0081A84B /* SearchTableViewController.storyboard in Resources */,
				F51F46491EAFBBC90040903E /* RoutePanelView.xib in Resources */,
				F57F9CC81EB22ABF00133191 /* kyivMetroStations.plist in Resources */,
				F5BACBE61EAEFB450081A84B /* LaunchScreen.storyboard in Resources */,
				F5BACBE31EAEFB450081A84B /* Assets.xcassets in Resources */,
				A80A47011EB35C18002A1324 /* SearchStantionTableViewCell.xib in Resources */,
				F5BACBF21EAEFE780081A84B /* RouteViewController.storyboard in Resources */,
			);
			runOnlyForDeploymentPostprocessing = 0;
		};
/* End PBXResourcesBuildPhase section */

/* Begin PBXSourcesBuildPhase section */
		F5BACBD41EAEFB450081A84B /* Sources */ = {
			isa = PBXSourcesBuildPhase;
			buildActionMask = 2147483647;
			files = (
				F5BACBFB1EAF007D0081A84B /* SegueHandler.swift in Sources */,
				F57F9CC41EB1ABB300133191 /* UIColorExtension.swift in Sources */,
				A80A47031EB35C22002A1324 /* SearchStantionTableViewCell.swift in Sources */,
				A80A47061EB364DB002A1324 /* UITableViewExtension.swift in Sources */,
				F5BACBDC1EAEFB450081A84B /* AppDelegate.swift in Sources */,
				F51F464B1EB11F180040903E /* GeolocationManager.swift in Sources */,
				F5BACBF61EAEFFA20081A84B /* SearchTableViewController.swift in Sources */,
				F51F46461EAFB9760040903E /* RoutePanelView.swift in Sources */,
				F57F9CCE1EB245F800133191 /* RoutePoint.swift in Sources */,
				F57F9CCA1EB22AEA00133191 /* MetroStation.swift in Sources */,
				F57F9CCC1EB2389400133191 /* UILabelExtension.swift in Sources */,
				F5BACBF41EAEFEA00081A84B /* RouteViewController.swift in Sources */,
			);
			runOnlyForDeploymentPostprocessing = 0;
		};
/* End PBXSourcesBuildPhase section */

/* Begin PBXVariantGroup section */
		F5BACBE41EAEFB450081A84B /* LaunchScreen.storyboard */ = {
			isa = PBXVariantGroup;
			children = (
				F5BACBE51EAEFB450081A84B /* Base */,
			);
			name = LaunchScreen.storyboard;
			path = .;
			sourceTree = "<group>";
		};
/* End PBXVariantGroup section */

/* Begin XCBuildConfiguration section */
		F5BACBE81EAEFB450081A84B /* Debug */ = {
			isa = XCBuildConfiguration;
			buildSettings = {
				ALWAYS_SEARCH_USER_PATHS = NO;
				CLANG_ANALYZER_NONNULL = YES;
				CLANG_ANALYZER_NUMBER_OBJECT_CONVERSION = YES_AGGRESSIVE;
				CLANG_CXX_LANGUAGE_STANDARD = "gnu++0x";
				CLANG_CXX_LIBRARY = "libc++";
				CLANG_ENABLE_MODULES = YES;
				CLANG_ENABLE_OBJC_ARC = YES;
				CLANG_WARN_BOOL_CONVERSION = YES;
				CLANG_WARN_CONSTANT_CONVERSION = YES;
				CLANG_WARN_DIRECT_OBJC_ISA_USAGE = YES_ERROR;
				CLANG_WARN_DOCUMENTATION_COMMENTS = YES;
				CLANG_WARN_EMPTY_BODY = YES;
				CLANG_WARN_ENUM_CONVERSION = YES;
				CLANG_WARN_INFINITE_RECURSION = YES;
				CLANG_WARN_INT_CONVERSION = YES;
				CLANG_WARN_OBJC_ROOT_CLASS = YES_ERROR;
				CLANG_WARN_SUSPICIOUS_MOVE = YES;
				CLANG_WARN_UNREACHABLE_CODE = YES;
				CLANG_WARN__DUPLICATE_METHOD_MATCH = YES;
				"CODE_SIGN_IDENTITY[sdk=iphoneos*]" = "iPhone Developer";
				COPY_PHASE_STRIP = NO;
				DEBUG_INFORMATION_FORMAT = dwarf;
				ENABLE_STRICT_OBJC_MSGSEND = YES;
				ENABLE_TESTABILITY = YES;
				GCC_C_LANGUAGE_STANDARD = gnu99;
				GCC_DYNAMIC_NO_PIC = NO;
				GCC_NO_COMMON_BLOCKS = YES;
				GCC_OPTIMIZATION_LEVEL = 0;
				GCC_PREPROCESSOR_DEFINITIONS = (
					"DEBUG=1",
					"$(inherited)",
				);
				GCC_WARN_64_TO_32_BIT_CONVERSION = YES;
				GCC_WARN_ABOUT_RETURN_TYPE = YES_ERROR;
				GCC_WARN_UNDECLARED_SELECTOR = YES;
				GCC_WARN_UNINITIALIZED_AUTOS = YES_AGGRESSIVE;
				GCC_WARN_UNUSED_FUNCTION = YES;
				GCC_WARN_UNUSED_VARIABLE = YES;
				IPHONEOS_DEPLOYMENT_TARGET = 10.3;
				MTL_ENABLE_DEBUG_INFO = YES;
				ONLY_ACTIVE_ARCH = YES;
				SDKROOT = iphoneos;
				SWIFT_ACTIVE_COMPILATION_CONDITIONS = DEBUG;
				SWIFT_OPTIMIZATION_LEVEL = "-Onone";
				TARGETED_DEVICE_FAMILY = "1,2";
			};
			name = Debug;
		};
		F5BACBE91EAEFB450081A84B /* Release */ = {
			isa = XCBuildConfiguration;
			buildSettings = {
				ALWAYS_SEARCH_USER_PATHS = NO;
				CLANG_ANALYZER_NONNULL = YES;
				CLANG_ANALYZER_NUMBER_OBJECT_CONVERSION = YES_AGGRESSIVE;
				CLANG_CXX_LANGUAGE_STANDARD = "gnu++0x";
				CLANG_CXX_LIBRARY = "libc++";
				CLANG_ENABLE_MODULES = YES;
				CLANG_ENABLE_OBJC_ARC = YES;
				CLANG_WARN_BOOL_CONVERSION = YES;
				CLANG_WARN_CONSTANT_CONVERSION = YES;
				CLANG_WARN_DIRECT_OBJC_ISA_USAGE = YES_ERROR;
				CLANG_WARN_DOCUMENTATION_COMMENTS = YES;
				CLANG_WARN_EMPTY_BODY = YES;
				CLANG_WARN_ENUM_CONVERSION = YES;
				CLANG_WARN_INFINITE_RECURSION = YES;
				CLANG_WARN_INT_CONVERSION = YES;
				CLANG_WARN_OBJC_ROOT_CLASS = YES_ERROR;
				CLANG_WARN_SUSPICIOUS_MOVE = YES;
				CLANG_WARN_UNREACHABLE_CODE = YES;
				CLANG_WARN__DUPLICATE_METHOD_MATCH = YES;
				"CODE_SIGN_IDENTITY[sdk=iphoneos*]" = "iPhone Developer";
				COPY_PHASE_STRIP = NO;
				DEBUG_INFORMATION_FORMAT = "dwarf-with-dsym";
				ENABLE_NS_ASSERTIONS = NO;
				ENABLE_STRICT_OBJC_MSGSEND = YES;
				GCC_C_LANGUAGE_STANDARD = gnu99;
				GCC_NO_COMMON_BLOCKS = YES;
				GCC_WARN_64_TO_32_BIT_CONVERSION = YES;
				GCC_WARN_ABOUT_RETURN_TYPE = YES_ERROR;
				GCC_WARN_UNDECLARED_SELECTOR = YES;
				GCC_WARN_UNINITIALIZED_AUTOS = YES_AGGRESSIVE;
				GCC_WARN_UNUSED_FUNCTION = YES;
				GCC_WARN_UNUSED_VARIABLE = YES;
				IPHONEOS_DEPLOYMENT_TARGET = 10.3;
				MTL_ENABLE_DEBUG_INFO = NO;
				SDKROOT = iphoneos;
				SWIFT_OPTIMIZATION_LEVEL = "-Owholemodule";
				TARGETED_DEVICE_FAMILY = "1,2";
				VALIDATE_PRODUCT = YES;
			};
			name = Release;
		};
		F5BACBEB1EAEFB450081A84B /* Debug */ = {
			isa = XCBuildConfiguration;
			buildSettings = {
				ASSETCATALOG_COMPILER_APPICON_NAME = AppIcon;
				DEVELOPMENT_TEAM = F7K79Y659W;
				INFOPLIST_FILE = "Metro Navigation/Resources/Info.plist";
				LD_RUNPATH_SEARCH_PATHS = "$(inherited) @executable_path/Frameworks";
				PRODUCT_BUNDLE_IDENTIFIER = "com.vladkhambir.Metro-Navigationf";
				PRODUCT_NAME = "$(TARGET_NAME)";
				SWIFT_VERSION = 3.0;
				TARGETED_DEVICE_FAMILY = "1,2";
			};
			name = Debug;
		};
		F5BACBEC1EAEFB450081A84B /* Release */ = {
			isa = XCBuildConfiguration;
			buildSettings = {
				ASSETCATALOG_COMPILER_APPICON_NAME = AppIcon;
				DEVELOPMENT_TEAM = F7K79Y659W;
				INFOPLIST_FILE = "Metro Navigation/Resources/Info.plist";
				LD_RUNPATH_SEARCH_PATHS = "$(inherited) @executable_path/Frameworks";
				PRODUCT_BUNDLE_IDENTIFIER = "com.vladkhambir.Metro-Navigationf";
				PRODUCT_NAME = "$(TARGET_NAME)";
				SWIFT_VERSION = 3.0;
				TARGETED_DEVICE_FAMILY = "1,2";
			};
			name = Release;
		};
/* End XCBuildConfiguration section */

/* Begin XCConfigurationList section */
		F5BACBD31EAEFB450081A84B /* Build configuration list for PBXProject "Metro Navigation" */ = {
			isa = XCConfigurationList;
			buildConfigurations = (
				F5BACBE81EAEFB450081A84B /* Debug */,
				F5BACBE91EAEFB450081A84B /* Release */,
			);
			defaultConfigurationIsVisible = 0;
			defaultConfigurationName = Release;
		};
		F5BACBEA1EAEFB450081A84B /* Build configuration list for PBXNativeTarget "Metro Navigation" */ = {
			isa = XCConfigurationList;
			buildConfigurations = (
				F5BACBEB1EAEFB450081A84B /* Debug */,
				F5BACBEC1EAEFB450081A84B /* Release */,
			);
			defaultConfigurationIsVisible = 0;
			defaultConfigurationName = Release;
		};
/* End XCConfigurationList section */
	};
	rootObject = F5BACBD01EAEFB450081A84B /* Project object */;
}
